
Microsoft Visual Studio Solution File, Format Version 12.00
# Visual Studio 15
VisualStudioVersion = 15.0.28307.106
MinimumVisualStudioVersion = 10.0.40219.1
Project("{FAE04EC0-301F-11D3-BF4B-00C04F79EFBC}") = "DEV-9", "DEV-9\DEV-9.csproj", "{CEDA58BE-37DA-4E3F-ADAD-6C8DD8A1E561}"
EndProject
Global
	GlobalSection(SolutionConfigurationPlatforms) = preSolution
		Debug|Any CPU = Debug|Any CPU
		Release|Any CPU = Release|Any CPU
	EndGlobalSection
	GlobalSection(ProjectConfigurationPlatforms) = postSolution
		{CEDA58BE-37DA-4E3F-ADAD-6C8DD8A1E561}.Debug|Any CPU.ActiveCfg = Debug|Any CPU
		{CEDA58BE-37DA-4E3F-ADAD-6C8DD8A1E561}.Debug|Any CPU.Build.0 = Debug|Any CPU
		{CEDA58BE-37DA-4E3F-ADAD-6C8DD8A1E561}.Release|Any CPU.ActiveCfg = Release|Any CPU
		{CEDA58BE-37DA-4E3F-ADAD-6C8DD8A1E561}.Release|Any CPU.Build.0 = Release|Any CPU
	EndGlobalSection
	GlobalSection(SolutionProperties) = preSolution
		HideSolutionNode = FALSE
	EndGlobalSection
	GlobalSection(ExtensibilityGlobals) = postSolution
		SolutionGuid = {F39CB775-DE52-4DF8-88C2-3378C4BCA408}
	EndGlobalSection
EndGlobal
