
Microsoft Visual Studio Solution File, Format Version 12.00
# Visual Studio 15
VisualStudioVersion = 15.0.28307.106
MinimumVisualStudioVersion = 10.0.40219.1
Project("{FAE04EC0-301F-11D3-BF4B-00C04F79EFBC}") = "Monitoring_task2", "Monitoring_task2\Monitoring_task2.csproj", "{B387937E-1252-4393-BC1D-7D30D418BEEE}"
EndProject
Project("{FAE04EC0-301F-11D3-BF4B-00C04F79EFBC}") = "Monitoring_task2.Tests", "Monitoring_task-2.Tests\Monitoring_task2.Tests.csproj", "{37C5DE6B-383F-40FF-B99E-A4AB2FE82CCB}"
EndProject
Global
	GlobalSection(SolutionConfigurationPlatforms) = preSolution
		Debug|Any CPU = Debug|Any CPU
		Release|Any CPU = Release|Any CPU
	EndGlobalSection
	GlobalSection(ProjectConfigurationPlatforms) = postSolution
		{B387937E-1252-4393-BC1D-7D30D418BEEE}.Debug|Any CPU.ActiveCfg = Debug|Any CPU
		{B387937E-1252-4393-BC1D-7D30D418BEEE}.Debug|Any CPU.Build.0 = Debug|Any CPU
		{B387937E-1252-4393-BC1D-7D30D418BEEE}.Release|Any CPU.ActiveCfg = Release|Any CPU
		{B387937E-1252-4393-BC1D-7D30D418BEEE}.Release|Any CPU.Build.0 = Release|Any CPU
		{37C5DE6B-383F-40FF-B99E-A4AB2FE82CCB}.Debug|Any CPU.ActiveCfg = Debug|Any CPU
		{37C5DE6B-383F-40FF-B99E-A4AB2FE82CCB}.Debug|Any CPU.Build.0 = Debug|Any CPU
		{37C5DE6B-383F-40FF-B99E-A4AB2FE82CCB}.Release|Any CPU.ActiveCfg = Release|Any CPU
		{37C5DE6B-383F-40FF-B99E-A4AB2FE82CCB}.Release|Any CPU.Build.0 = Release|Any CPU
	EndGlobalSection
	GlobalSection(SolutionProperties) = preSolution
		HideSolutionNode = FALSE
	EndGlobalSection
	GlobalSection(ExtensibilityGlobals) = postSolution
		SolutionGuid = {7A5C0EC2-3FB7-4C7C-A243-6B495FE8E21F}
	EndGlobalSection
EndGlobal
